
Microsoft Visual Studio Solution File, Format Version 12.00
# Visual Studio Version 16
VisualStudioVersion = 16.0.31702.278
MinimumVisualStudioVersion = 10.0.40219.1
Project("{FAE04EC0-301F-11D3-BF4B-00C04F79EFBC}") = "ConsoleApp2", "ConsoleApp2.csproj", "{0058C84F-F7A1-4B3E-AF76-E9D79C325EDA}"
EndProject
Global
	GlobalSection(SolutionConfigurationPlatforms) = preSolution
		Debug|Any CPU = Debug|Any CPU
		Release|Any CPU = Release|Any CPU
	EndGlobalSection
	GlobalSection(ProjectConfigurationPlatforms) = postSolution
		{0058C84F-F7A1-4B3E-AF76-E9D79C325EDA}.Debug|Any CPU.ActiveCfg = Debug|Any CPU
		{0058C84F-F7A1-4B3E-AF76-E9D79C325EDA}.Debug|Any CPU.Build.0 = Debug|Any CPU
		{0058C84F-F7A1-4B3E-AF76-E9D79C325EDA}.Release|Any CPU.ActiveCfg = Release|Any CPU
		{0058C84F-F7A1-4B3E-AF76-E9D79C325EDA}.Release|Any CPU.Build.0 = Release|Any CPU
	EndGlobalSection
	GlobalSection(SolutionProperties) = preSolution
		HideSolutionNode = FALSE
	EndGlobalSection
	GlobalSection(ExtensibilityGlobals) = postSolution
		SolutionGuid = {0D08ACFE-2363-41D2-A7DD-588DB5762124}
	EndGlobalSection
EndGlobal
